
Microsoft Visual Studio Solution File, Format Version 12.00
# Visual Studio Version 17
VisualStudioVersion = 17.9.34714.143
MinimumVisualStudioVersion = 10.0.40219.1
Project("{FAE04EC0-301F-11D3-BF4B-00C04F79EFBC}") = "CSProjeDemo1", "CSProjeDemo1\CSProjeDemo1.csproj", "{4CCB4361-59A7-4FC7-B8C1-BDAA20F2BE9B}"
EndProject
Project("{FAE04EC0-301F-11D3-BF4B-00C04F79EFBC}") = "Tester", "Tester\Tester.csproj", "{ACB29E63-03C4-4C4E-AA82-5C94DA1AFAE1}"
EndProject
Global
	GlobalSection(SolutionConfigurationPlatforms) = preSolution
		Debug|Any CPU = Debug|Any CPU
		Release|Any CPU = Release|Any CPU
	EndGlobalSection
	GlobalSection(ProjectConfigurationPlatforms) = postSolution
		{4CCB4361-59A7-4FC7-B8C1-BDAA20F2BE9B}.Debug|Any CPU.ActiveCfg = Debug|Any CPU
		{4CCB4361-59A7-4FC7-B8C1-BDAA20F2BE9B}.Debug|Any CPU.Build.0 = Debug|Any CPU
		{4CCB4361-59A7-4FC7-B8C1-BDAA20F2BE9B}.Release|Any CPU.ActiveCfg = Release|Any CPU
		{4CCB4361-59A7-4FC7-B8C1-BDAA20F2BE9B}.Release|Any CPU.Build.0 = Release|Any CPU
		{ACB29E63-03C4-4C4E-AA82-5C94DA1AFAE1}.Debug|Any CPU.ActiveCfg = Debug|Any CPU
		{ACB29E63-03C4-4C4E-AA82-5C94DA1AFAE1}.Debug|Any CPU.Build.0 = Debug|Any CPU
		{ACB29E63-03C4-4C4E-AA82-5C94DA1AFAE1}.Release|Any CPU.ActiveCfg = Release|Any CPU
		{ACB29E63-03C4-4C4E-AA82-5C94DA1AFAE1}.Release|Any CPU.Build.0 = Release|Any CPU
	EndGlobalSection
	GlobalSection(SolutionProperties) = preSolution
		HideSolutionNode = FALSE
	EndGlobalSection
	GlobalSection(ExtensibilityGlobals) = postSolution
		SolutionGuid = {DCD7E1E5-F0D8-48A7-9891-D10D0B1C2B60}
	EndGlobalSection
EndGlobal
